
Microsoft Visual Studio Solution File, Format Version 12.00
# Visual Studio 15
VisualStudioVersion = 15.0.26403.7
MinimumVisualStudioVersion = 10.0.40219.1
Project("{FAE04EC0-301F-11D3-BF4B-00C04F79EFBC}") = "Senparc.Web", "Senparc.Web\Senparc.Web.csproj", "{E73FAB33-245C-4A2B-8C6F-D5D006B8056E}"
EndProject
Project("{FAE04EC0-301F-11D3-BF4B-00C04F79EFBC}") = "Senparc.Web.Tests", "Senparc.Web.Tests\Senparc.Web.Tests.csproj", "{FCF0FA1E-A62A-4F5E-A977-356BD89D322E}"
EndProject
Project("{FAE04EC0-301F-11D3-BF4B-00C04F79EFBC}") = "Senparc.Core", "Senparc.Core\Senparc.Core.csproj", "{E1148B4B-8F72-4EB4-9E27-25BB4430AB68}"
EndProject
Project("{FAE04EC0-301F-11D3-BF4B-00C04F79EFBC}") = "Senparc.Core.Tests", "Senparc.Core.Tests\Senparc.Core.Tests.csproj", "{4373A1AE-FA19-4A50-82A9-5A60774FA80F}"
EndProject
Project("{00D1A9C2-B5F0-4AF3-8072-F6C62B433612}") = "Senparc.Database", "Senparc.Database\Senparc.Database.sqlproj", "{99BF5A6D-0C5F-4067-BA14-5241EF9E8840}"
EndProject
Project("{2150E333-8FDC-42A3-9474-1A3956D46DE8}") = "Areas", "Areas", "{29868158-FC1F-4294-84F3-5E686C9E352B}"
EndProject
Project("{FAE04EC0-301F-11D3-BF4B-00C04F79EFBC}") = "Senparc.Areas.Admin", "Senparc.Areas.Admin\Senparc.Areas.Admin.csproj", "{3FA6A334-6D3F-4740-94D0-182CF6E0DC74}"
EndProject
Project("{FAE04EC0-301F-11D3-BF4B-00C04F79EFBC}") = "Senparc.Areas.WX", "Senparc.Areas.WX\Senparc.Areas.WX.csproj", "{14D74161-63CF-4A37-9EF6-333E0DC694E0}"
EndProject
Project("{2150E333-8FDC-42A3-9474-1A3956D46DE8}") = "Database", "Database", "{AEAF2BD6-77AD-440B-8875-919A4F12C094}"
EndProject
Project("{2150E333-8FDC-42A3-9474-1A3956D46DE8}") = "Services", "Services", "{88FE7812-A0EE-4949-A35A-587255E63CB5}"
EndProject
Project("{FAE04EC0-301F-11D3-BF4B-00C04F79EFBC}") = "Senparc.AzureCognitiveService", "Senparc.AzureCognitiveService\Senparc.AzureCognitiveService.csproj", "{0C7BBAE4-513A-46DE-864A-8729A7AFD68B}"
EndProject
Project("{FAE04EC0-301F-11D3-BF4B-00C04F79EFBC}") = "Senparc.Service", "Senparc.Service\Senparc.Service.csproj", "{9823F77E-066D-4A0C-A05A-B677739D359F}"
EndProject
Project("{2150E333-8FDC-42A3-9474-1A3956D46DE8}") = "Tests", "Tests", "{A2E94224-A9EA-4759-8FE9-0E86955FD96C}"
EndProject
Project("{2150E333-8FDC-42A3-9474-1A3956D46DE8}") = "UnusuallUsing", "UnusuallUsing", "{CD6391C4-A0A1-41F9-8B77-4ADA3DAFB944}"
EndProject
Project("{FAE04EC0-301F-11D3-BF4B-00C04F79EFBC}") = "Senparc.ImageUtility", "Senparc.ImageUtility\Senparc.ImageUtility.csproj", "{3362C61B-CD22-4E2E-9792-6462C36E9C3D}"
EndProject
Project("{FAE04EC0-301F-11D3-BF4B-00C04F79EFBC}") = "Senparc.Log", "Senparc.Log\Senparc.Log.csproj", "{A8BAE240-7EEA-4AA6-865F-8BB7BC69D187}"
EndProject
Project("{FAE04EC0-301F-11D3-BF4B-00C04F79EFBC}") = "Senparc.Pay", "Senparc.Pay\Senparc.Pay.csproj", "{810B2B22-CF4D-43B5-9639-CA29A4656CC9}"
EndProject
Project("{FAE04EC0-301F-11D3-BF4B-00C04F79EFBC}") = "Senparc.Repository", "Senparc.Repository\Senparc.Repository.csproj", "{E8DB9A29-15E6-4FB8-9A81-F6CD691A3D65}"
EndProject
Project("{FAE04EC0-301F-11D3-BF4B-00C04F79EFBC}") = "Senparc.Threads", "Senparc.Threads\Senparc.Threads.csproj", "{93B48068-219D-4D12-8B73-11446E69F59C}"
EndProject
Project("{FAE04EC0-301F-11D3-BF4B-00C04F79EFBC}") = "Senparc.Utility", "Senparc.Utility\Senparc.Utility.csproj", "{17155B76-8FFC-4632-8292-7571394B97AC}"
EndProject
Project("{FAE04EC0-301F-11D3-BF4B-00C04F79EFBC}") = "Senparc.Web.UI", "Senparc.Web.UI\Senparc.Web.UI.csproj", "{FFECB9C3-DEE7-4441-82E1-DB8E8534B36F}"
EndProject
Project("{FAE04EC0-301F-11D3-BF4B-00C04F79EFBC}") = "Senparc.Mvc", "Senparc.Mvc\Senparc.Mvc.csproj", "{6B12B8D2-EF0F-4FB6-9820-49273449F422}"
EndProject
Global
	GlobalSection(SolutionConfigurationPlatforms) = preSolution
		Debug|Any CPU = Debug|Any CPU
		Release|Any CPU = Release|Any CPU
	EndGlobalSection
	GlobalSection(ProjectConfigurationPlatforms) = postSolution
		{E73FAB33-245C-4A2B-8C6F-D5D006B8056E}.Debug|Any CPU.ActiveCfg = Debug|Any CPU
		{E73FAB33-245C-4A2B-8C6F-D5D006B8056E}.Debug|Any CPU.Build.0 = Debug|Any CPU
		{E73FAB33-245C-4A2B-8C6F-D5D006B8056E}.Release|Any CPU.ActiveCfg = Release|Any CPU
		{E73FAB33-245C-4A2B-8C6F-D5D006B8056E}.Release|Any CPU.Build.0 = Release|Any CPU
		{FCF0FA1E-A62A-4F5E-A977-356BD89D322E}.Debug|Any CPU.ActiveCfg = Debug|Any CPU
		{FCF0FA1E-A62A-4F5E-A977-356BD89D322E}.Debug|Any CPU.Build.0 = Debug|Any CPU
		{FCF0FA1E-A62A-4F5E-A977-356BD89D322E}.Release|Any CPU.ActiveCfg = Release|Any CPU
		{FCF0FA1E-A62A-4F5E-A977-356BD89D322E}.Release|Any CPU.Build.0 = Release|Any CPU
		{E1148B4B-8F72-4EB4-9E27-25BB4430AB68}.Debug|Any CPU.ActiveCfg = Debug|Any CPU
		{E1148B4B-8F72-4EB4-9E27-25BB4430AB68}.Debug|Any CPU.Build.0 = Debug|Any CPU
		{E1148B4B-8F72-4EB4-9E27-25BB4430AB68}.Release|Any CPU.ActiveCfg = Release|Any CPU
		{E1148B4B-8F72-4EB4-9E27-25BB4430AB68}.Release|Any CPU.Build.0 = Release|Any CPU
		{4373A1AE-FA19-4A50-82A9-5A60774FA80F}.Debug|Any CPU.ActiveCfg = Debug|Any CPU
		{4373A1AE-FA19-4A50-82A9-5A60774FA80F}.Debug|Any CPU.Build.0 = Debug|Any CPU
		{4373A1AE-FA19-4A50-82A9-5A60774FA80F}.Release|Any CPU.ActiveCfg = Release|Any CPU
		{4373A1AE-FA19-4A50-82A9-5A60774FA80F}.Release|Any CPU.Build.0 = Release|Any CPU
		{99BF5A6D-0C5F-4067-BA14-5241EF9E8840}.Debug|Any CPU.ActiveCfg = Debug|Any CPU
		{99BF5A6D-0C5F-4067-BA14-5241EF9E8840}.Debug|Any CPU.Build.0 = Debug|Any CPU
		{99BF5A6D-0C5F-4067-BA14-5241EF9E8840}.Debug|Any CPU.Deploy.0 = Debug|Any CPU
		{99BF5A6D-0C5F-4067-BA14-5241EF9E8840}.Release|Any CPU.ActiveCfg = Release|Any CPU
		{99BF5A6D-0C5F-4067-BA14-5241EF9E8840}.Release|Any CPU.Build.0 = Release|Any CPU
		{99BF5A6D-0C5F-4067-BA14-5241EF9E8840}.Release|Any CPU.Deploy.0 = Release|Any CPU
		{3FA6A334-6D3F-4740-94D0-182CF6E0DC74}.Debug|Any CPU.ActiveCfg = Debug|Any CPU
		{3FA6A334-6D3F-4740-94D0-182CF6E0DC74}.Debug|Any CPU.Build.0 = Debug|Any CPU
		{3FA6A334-6D3F-4740-94D0-182CF6E0DC74}.Release|Any CPU.ActiveCfg = Release|Any CPU
		{3FA6A334-6D3F-4740-94D0-182CF6E0DC74}.Release|Any CPU.Build.0 = Release|Any CPU
		{14D74161-63CF-4A37-9EF6-333E0DC694E0}.Debug|Any CPU.ActiveCfg = Debug|Any CPU
		{14D74161-63CF-4A37-9EF6-333E0DC694E0}.Debug|Any CPU.Build.0 = Debug|Any CPU
		{14D74161-63CF-4A37-9EF6-333E0DC694E0}.Release|Any CPU.ActiveCfg = Release|Any CPU
		{14D74161-63CF-4A37-9EF6-333E0DC694E0}.Release|Any CPU.Build.0 = Release|Any CPU
		{0C7BBAE4-513A-46DE-864A-8729A7AFD68B}.Debug|Any CPU.ActiveCfg = Debug|Any CPU
		{0C7BBAE4-513A-46DE-864A-8729A7AFD68B}.Debug|Any CPU.Build.0 = Debug|Any CPU
		{0C7BBAE4-513A-46DE-864A-8729A7AFD68B}.Release|Any CPU.ActiveCfg = Release|Any CPU
		{0C7BBAE4-513A-46DE-864A-8729A7AFD68B}.Release|Any CPU.Build.0 = Release|Any CPU
		{9823F77E-066D-4A0C-A05A-B677739D359F}.Debug|Any CPU.ActiveCfg = Debug|Any CPU
		{9823F77E-066D-4A0C-A05A-B677739D359F}.Debug|Any CPU.Build.0 = Debug|Any CPU
		{9823F77E-066D-4A0C-A05A-B677739D359F}.Release|Any CPU.ActiveCfg = Release|Any CPU
		{9823F77E-066D-4A0C-A05A-B677739D359F}.Release|Any CPU.Build.0 = Release|Any CPU
		{3362C61B-CD22-4E2E-9792-6462C36E9C3D}.Debug|Any CPU.ActiveCfg = Debug|Any CPU
		{3362C61B-CD22-4E2E-9792-6462C36E9C3D}.Debug|Any CPU.Build.0 = Debug|Any CPU
		{3362C61B-CD22-4E2E-9792-6462C36E9C3D}.Release|Any CPU.ActiveCfg = Release|Any CPU
		{3362C61B-CD22-4E2E-9792-6462C36E9C3D}.Release|Any CPU.Build.0 = Release|Any CPU
		{A8BAE240-7EEA-4AA6-865F-8BB7BC69D187}.Debug|Any CPU.ActiveCfg = Debug|Any CPU
		{A8BAE240-7EEA-4AA6-865F-8BB7BC69D187}.Debug|Any CPU.Build.0 = Debug|Any CPU
		{A8BAE240-7EEA-4AA6-865F-8BB7BC69D187}.Release|Any CPU.ActiveCfg = Release|Any CPU
		{A8BAE240-7EEA-4AA6-865F-8BB7BC69D187}.Release|Any CPU.Build.0 = Release|Any CPU
		{810B2B22-CF4D-43B5-9639-CA29A4656CC9}.Debug|Any CPU.ActiveCfg = Debug|Any CPU
		{810B2B22-CF4D-43B5-9639-CA29A4656CC9}.Debug|Any CPU.Build.0 = Debug|Any CPU
		{810B2B22-CF4D-43B5-9639-CA29A4656CC9}.Release|Any CPU.ActiveCfg = Release|Any CPU
		{810B2B22-CF4D-43B5-9639-CA29A4656CC9}.Release|Any CPU.Build.0 = Release|Any CPU
		{E8DB9A29-15E6-4FB8-9A81-F6CD691A3D65}.Debug|Any CPU.ActiveCfg = Debug|Any CPU
		{E8DB9A29-15E6-4FB8-9A81-F6CD691A3D65}.Debug|Any CPU.Build.0 = Debug|Any CPU
		{E8DB9A29-15E6-4FB8-9A81-F6CD691A3D65}.Release|Any CPU.ActiveCfg = Release|Any CPU
		{E8DB9A29-15E6-4FB8-9A81-F6CD691A3D65}.Release|Any CPU.Build.0 = Release|Any CPU
		{93B48068-219D-4D12-8B73-11446E69F59C}.Debug|Any CPU.ActiveCfg = Debug|Any CPU
		{93B48068-219D-4D12-8B73-11446E69F59C}.Debug|Any CPU.Build.0 = Debug|Any CPU
		{93B48068-219D-4D12-8B73-11446E69F59C}.Release|Any CPU.ActiveCfg = Release|Any CPU
		{93B48068-219D-4D12-8B73-11446E69F59C}.Release|Any CPU.Build.0 = Release|Any CPU
		{17155B76-8FFC-4632-8292-7571394B97AC}.Debug|Any CPU.ActiveCfg = Debug|Any CPU
		{17155B76-8FFC-4632-8292-7571394B97AC}.Debug|Any CPU.Build.0 = Debug|Any CPU
		{17155B76-8FFC-4632-8292-7571394B97AC}.Release|Any CPU.ActiveCfg = Release|Any CPU
		{17155B76-8FFC-4632-8292-7571394B97AC}.Release|Any CPU.Build.0 = Release|Any CPU
		{FFECB9C3-DEE7-4441-82E1-DB8E8534B36F}.Debug|Any CPU.ActiveCfg = Debug|Any CPU
		{FFECB9C3-DEE7-4441-82E1-DB8E8534B36F}.Debug|Any CPU.Build.0 = Debug|Any CPU
		{FFECB9C3-DEE7-4441-82E1-DB8E8534B36F}.Release|Any CPU.ActiveCfg = Release|Any CPU
		{FFECB9C3-DEE7-4441-82E1-DB8E8534B36F}.Release|Any CPU.Build.0 = Release|Any CPU
		{6B12B8D2-EF0F-4FB6-9820-49273449F422}.Debug|Any CPU.ActiveCfg = Debug|Any CPU
		{6B12B8D2-EF0F-4FB6-9820-49273449F422}.Debug|Any CPU.Build.0 = Debug|Any CPU
		{6B12B8D2-EF0F-4FB6-9820-49273449F422}.Release|Any CPU.ActiveCfg = Release|Any CPU
		{6B12B8D2-EF0F-4FB6-9820-49273449F422}.Release|Any CPU.Build.0 = Release|Any CPU
	EndGlobalSection
	GlobalSection(SolutionProperties) = preSolution
		HideSolutionNode = FALSE
	EndGlobalSection
	GlobalSection(NestedProjects) = preSolution
		{FCF0FA1E-A62A-4F5E-A977-356BD89D322E} = {A2E94224-A9EA-4759-8FE9-0E86955FD96C}
		{4373A1AE-FA19-4A50-82A9-5A60774FA80F} = {A2E94224-A9EA-4759-8FE9-0E86955FD96C}
		{99BF5A6D-0C5F-4067-BA14-5241EF9E8840} = {AEAF2BD6-77AD-440B-8875-919A4F12C094}
		{3FA6A334-6D3F-4740-94D0-182CF6E0DC74} = {29868158-FC1F-4294-84F3-5E686C9E352B}
		{14D74161-63CF-4A37-9EF6-333E0DC694E0} = {29868158-FC1F-4294-84F3-5E686C9E352B}
		{0C7BBAE4-513A-46DE-864A-8729A7AFD68B} = {88FE7812-A0EE-4949-A35A-587255E63CB5}
		{9823F77E-066D-4A0C-A05A-B677739D359F} = {88FE7812-A0EE-4949-A35A-587255E63CB5}
		{3362C61B-CD22-4E2E-9792-6462C36E9C3D} = {CD6391C4-A0A1-41F9-8B77-4ADA3DAFB944}
		{A8BAE240-7EEA-4AA6-865F-8BB7BC69D187} = {CD6391C4-A0A1-41F9-8B77-4ADA3DAFB944}
		{810B2B22-CF4D-43B5-9639-CA29A4656CC9} = {CD6391C4-A0A1-41F9-8B77-4ADA3DAFB944}
		{E8DB9A29-15E6-4FB8-9A81-F6CD691A3D65} = {CD6391C4-A0A1-41F9-8B77-4ADA3DAFB944}
		{93B48068-219D-4D12-8B73-11446E69F59C} = {CD6391C4-A0A1-41F9-8B77-4ADA3DAFB944}
		{17155B76-8FFC-4632-8292-7571394B97AC} = {CD6391C4-A0A1-41F9-8B77-4ADA3DAFB944}
		{FFECB9C3-DEE7-4441-82E1-DB8E8534B36F} = {CD6391C4-A0A1-41F9-8B77-4ADA3DAFB944}
	EndGlobalSection
EndGlobal
